
Microsoft Visual Studio Solution File, Format Version 12.00
# Visual Studio 15
VisualStudioVersion = 15.0.28307.168
MinimumVisualStudioVersion = 10.0.40219.1
Project("{FAE04EC0-301F-11D3-BF4B-00C04F79EFBC}") = "DNCalculator", "DNCalculator\DNCalculator.csproj", "{5839F609-35CF-439B-9101-153287DF7143}"
EndProject
Global
	GlobalSection(SolutionConfigurationPlatforms) = preSolution
		Debug|Any CPU = Debug|Any CPU
		Release|Any CPU = Release|Any CPU
	EndGlobalSection
	GlobalSection(ProjectConfigurationPlatforms) = postSolution
		{5839F609-35CF-439B-9101-153287DF7143}.Debug|Any CPU.ActiveCfg = Debug|Any CPU
		{5839F609-35CF-439B-9101-153287DF7143}.Debug|Any CPU.Build.0 = Debug|Any CPU
		{5839F609-35CF-439B-9101-153287DF7143}.Release|Any CPU.ActiveCfg = Release|Any CPU
		{5839F609-35CF-439B-9101-153287DF7143}.Release|Any CPU.Build.0 = Release|Any CPU
	EndGlobalSection
	GlobalSection(SolutionProperties) = preSolution
		HideSolutionNode = FALSE
	EndGlobalSection
	GlobalSection(ExtensibilityGlobals) = postSolution
		SolutionGuid = {9084406F-8252-4C27-9C5F-3425E565B8DA}
	EndGlobalSection
EndGlobal
